
Microsoft Visual Studio Solution File, Format Version 12.00
# Visual Studio Version 17
VisualStudioVersion = 17.2.32519.379
MinimumVisualStudioVersion = 10.0.40219.1
Project("{FAE04EC0-301F-11D3-BF4B-00C04F79EFBC}") = "pryTemporizador-Timer", "pryTemporizador-Timer.csproj", "{2AB9869B-BF1F-40F4-A36E-06823D6414BF}"
EndProject
Global
	GlobalSection(SolutionConfigurationPlatforms) = preSolution
		Debug|Any CPU = Debug|Any CPU
		Release|Any CPU = Release|Any CPU
	EndGlobalSection
	GlobalSection(ProjectConfigurationPlatforms) = postSolution
		{2AB9869B-BF1F-40F4-A36E-06823D6414BF}.Debug|Any CPU.ActiveCfg = Debug|Any CPU
		{2AB9869B-BF1F-40F4-A36E-06823D6414BF}.Debug|Any CPU.Build.0 = Debug|Any CPU
		{2AB9869B-BF1F-40F4-A36E-06823D6414BF}.Release|Any CPU.ActiveCfg = Release|Any CPU
		{2AB9869B-BF1F-40F4-A36E-06823D6414BF}.Release|Any CPU.Build.0 = Release|Any CPU
	EndGlobalSection
	GlobalSection(SolutionProperties) = preSolution
		HideSolutionNode = FALSE
	EndGlobalSection
	GlobalSection(ExtensibilityGlobals) = postSolution
		SolutionGuid = {EEB63359-3D95-46B3-8DEF-527FC454F000}
	EndGlobalSection
EndGlobal
